
Microsoft Visual Studio Solution File, Format Version 12.00
Project("{FAE04EC0-301F-11D3-BF4B-00C04F79EFBC}") = "Yacht.Core", "Yacht.Core\Yacht.Core.csproj", "{04DFECFC-DD1B-4C54-AE12-8ACB6608BC53}"
EndProject
Project("{FAE04EC0-301F-11D3-BF4B-00C04F79EFBC}") = "CQ.Library", "CQ.Library\CQ.Library.csproj", "{17299ED6-4ADD-4E87-948F-3EF30F6C7062}"
EndProject
Project("{FAE04EC0-301F-11D3-BF4B-00C04F79EFBC}") = "Yacht.Server", "Yacht.Server\Yacht.Server.csproj", "{B81DFD77-39D8-4B41-9D7C-2B4FE1D74C5A}"
EndProject
Project("{2150E333-8FDC-42A3-9474-1A3956D46DE8}") = "Services_TCP", "Services_TCP", "{B9727048-4B53-432E-B6B1-6CAB9E1BD5D3}"
EndProject
Project("{FAE04EC0-301F-11D3-BF4B-00C04F79EFBC}") = "TCPServer", "TCPServer\TCPServer.csproj", "{2DA3D47D-DF0D-49DD-888C-DB97D9C7722D}"
EndProject
Project("{FAE04EC0-301F-11D3-BF4B-00C04F79EFBC}") = "TCPClient", "TCPClient\TCPClient.csproj", "{EDD646ED-2FDF-4AC1-9853-4F25685A07D6}"
EndProject
Project("{FAE04EC0-301F-11D3-BF4B-00C04F79EFBC}") = "GameCore", "GameCore\GameCore.csproj", "{5CB6CBC2-F0D1-4340-A2F8-7C1C82F6768F}"
EndProject
Global
	GlobalSection(SolutionConfigurationPlatforms) = preSolution
		Debug|Any CPU = Debug|Any CPU
		Release|Any CPU = Release|Any CPU
	EndGlobalSection
	GlobalSection(ProjectConfigurationPlatforms) = postSolution
		{04DFECFC-DD1B-4C54-AE12-8ACB6608BC53}.Debug|Any CPU.ActiveCfg = Debug|Any CPU
		{04DFECFC-DD1B-4C54-AE12-8ACB6608BC53}.Debug|Any CPU.Build.0 = Debug|Any CPU
		{04DFECFC-DD1B-4C54-AE12-8ACB6608BC53}.Release|Any CPU.ActiveCfg = Release|Any CPU
		{04DFECFC-DD1B-4C54-AE12-8ACB6608BC53}.Release|Any CPU.Build.0 = Release|Any CPU
		{17299ED6-4ADD-4E87-948F-3EF30F6C7062}.Debug|Any CPU.ActiveCfg = Debug|Any CPU
		{17299ED6-4ADD-4E87-948F-3EF30F6C7062}.Debug|Any CPU.Build.0 = Debug|Any CPU
		{17299ED6-4ADD-4E87-948F-3EF30F6C7062}.Release|Any CPU.ActiveCfg = Release|Any CPU
		{17299ED6-4ADD-4E87-948F-3EF30F6C7062}.Release|Any CPU.Build.0 = Release|Any CPU
		{B81DFD77-39D8-4B41-9D7C-2B4FE1D74C5A}.Debug|Any CPU.ActiveCfg = Debug|Any CPU
		{B81DFD77-39D8-4B41-9D7C-2B4FE1D74C5A}.Debug|Any CPU.Build.0 = Debug|Any CPU
		{B81DFD77-39D8-4B41-9D7C-2B4FE1D74C5A}.Release|Any CPU.ActiveCfg = Release|Any CPU
		{B81DFD77-39D8-4B41-9D7C-2B4FE1D74C5A}.Release|Any CPU.Build.0 = Release|Any CPU
		{2DA3D47D-DF0D-49DD-888C-DB97D9C7722D}.Debug|Any CPU.ActiveCfg = Debug|Any CPU
		{2DA3D47D-DF0D-49DD-888C-DB97D9C7722D}.Debug|Any CPU.Build.0 = Debug|Any CPU
		{2DA3D47D-DF0D-49DD-888C-DB97D9C7722D}.Release|Any CPU.ActiveCfg = Release|Any CPU
		{2DA3D47D-DF0D-49DD-888C-DB97D9C7722D}.Release|Any CPU.Build.0 = Release|Any CPU
		{EDD646ED-2FDF-4AC1-9853-4F25685A07D6}.Debug|Any CPU.ActiveCfg = Debug|Any CPU
		{EDD646ED-2FDF-4AC1-9853-4F25685A07D6}.Debug|Any CPU.Build.0 = Debug|Any CPU
		{EDD646ED-2FDF-4AC1-9853-4F25685A07D6}.Release|Any CPU.ActiveCfg = Release|Any CPU
		{EDD646ED-2FDF-4AC1-9853-4F25685A07D6}.Release|Any CPU.Build.0 = Release|Any CPU
		{5CB6CBC2-F0D1-4340-A2F8-7C1C82F6768F}.Debug|Any CPU.ActiveCfg = Debug|Any CPU
		{5CB6CBC2-F0D1-4340-A2F8-7C1C82F6768F}.Debug|Any CPU.Build.0 = Debug|Any CPU
		{5CB6CBC2-F0D1-4340-A2F8-7C1C82F6768F}.Release|Any CPU.ActiveCfg = Release|Any CPU
		{5CB6CBC2-F0D1-4340-A2F8-7C1C82F6768F}.Release|Any CPU.Build.0 = Release|Any CPU
	EndGlobalSection
	GlobalSection(NestedProjects) = preSolution
		{2DA3D47D-DF0D-49DD-888C-DB97D9C7722D} = {B9727048-4B53-432E-B6B1-6CAB9E1BD5D3}
		{EDD646ED-2FDF-4AC1-9853-4F25685A07D6} = {B9727048-4B53-432E-B6B1-6CAB9E1BD5D3}
		{5CB6CBC2-F0D1-4340-A2F8-7C1C82F6768F} = {B9727048-4B53-432E-B6B1-6CAB9E1BD5D3}
	EndGlobalSection
EndGlobal
